
Microsoft Visual Studio Solution File, Format Version 12.00
# Visual Studio Version 16
VisualStudioVersion = 16.0.31911.196
MinimumVisualStudioVersion = 10.0.40219.1
Project("{FAE04EC0-301F-11D3-BF4B-00C04F79EFBC}") = "HeadFirstDesignPattern", "HeadFirstDesignPattern\HeadFirstDesignPattern.csproj", "{8BF101CF-7FA0-488B-97A9-C2740F5BF420}"
EndProject
Global
	GlobalSection(SolutionConfigurationPlatforms) = preSolution
		Debug|Any CPU = Debug|Any CPU
		Release|Any CPU = Release|Any CPU
	EndGlobalSection
	GlobalSection(ProjectConfigurationPlatforms) = postSolution
		{8BF101CF-7FA0-488B-97A9-C2740F5BF420}.Debug|Any CPU.ActiveCfg = Debug|Any CPU
		{8BF101CF-7FA0-488B-97A9-C2740F5BF420}.Debug|Any CPU.Build.0 = Debug|Any CPU
		{8BF101CF-7FA0-488B-97A9-C2740F5BF420}.Release|Any CPU.ActiveCfg = Release|Any CPU
		{8BF101CF-7FA0-488B-97A9-C2740F5BF420}.Release|Any CPU.Build.0 = Release|Any CPU
	EndGlobalSection
	GlobalSection(SolutionProperties) = preSolution
		HideSolutionNode = FALSE
	EndGlobalSection
	GlobalSection(ExtensibilityGlobals) = postSolution
		SolutionGuid = {EDCBAA5E-D369-4B4F-8D9E-8D067254BEFC}
	EndGlobalSection
EndGlobal
